// !$*UTF8*$!
{
	archiveVersion = 1;
	classes = {
	};
	objectVersion = 50;
	objects = {

/* Begin PBXBuildFile section */
		273B49EE85817F2B13B3F9B2 /* Pods_Todoey.framework in Frameworks */ = {isa = PBXBuildFile; fileRef = 27E24D4A73CBA754CF524F96 /* Pods_Todoey.framework */; };
		ADDB099C22F735AB00590DBE /* AppDelegate.swift in Sources */ = {isa = PBXBuildFile; fileRef = ADDB099B22F735AB00590DBE /* AppDelegate.swift */; };
		ADDB099E22F735AB00590DBE /* TodoListViewController.swift in Sources */ = {isa = PBXBuildFile; fileRef = ADDB099D22F735AB00590DBE /* TodoListViewController.swift */; };
		ADDB09A122F735AB00590DBE /* Main.storyboard in Resources */ = {isa = PBXBuildFile; fileRef = ADDB099F22F735AB00590DBE /* Main.storyboard */; };
		ADDB09A322F735AC00590DBE /* Assets.xcassets in Resources */ = {isa = PBXBuildFile; fileRef = ADDB09A222F735AC00590DBE /* Assets.xcassets */; };
		ADDB09A622F735AC00590DBE /* LaunchScreen.storyboard in Resources */ = {isa = PBXBuildFile; fileRef = ADDB09A422F735AC00590DBE /* LaunchScreen.storyboard */; };
		ADEAFB2D22FA53C9005EC88B /* CategoryViewController.swift in Sources */ = {isa = PBXBuildFile; fileRef = ADEAFB2C22FA53C9005EC88B /* CategoryViewController.swift */; };
		ADEAFB3122FDBBC2005EC88B /* Item.swift in Sources */ = {isa = PBXBuildFile; fileRef = ADEAFB3022FDBBC2005EC88B /* Item.swift */; };
		ADEAFB3322FDBBEC005EC88B /* Category.swift in Sources */ = {isa = PBXBuildFile; fileRef = ADEAFB3222FDBBEC005EC88B /* Category.swift */; };
		ADEAFB3522FF8498005EC88B /* SwipeTableViewController.swift in Sources */ = {isa = PBXBuildFile; fileRef = ADEAFB3422FF8498005EC88B /* SwipeTableViewController.swift */; };
/* End PBXBuildFile section */

/* Begin PBXFileReference section */
		275701F8A76F339E346F0C6E /* Pods-Todoey.debug.xcconfig */ = {isa = PBXFileReference; includeInIndex = 1; lastKnownFileType = text.xcconfig; name = "Pods-Todoey.debug.xcconfig"; path = "Target Support Files/Pods-Todoey/Pods-Todoey.debug.xcconfig"; sourceTree = "<group>"; };
		27E24D4A73CBA754CF524F96 /* Pods_Todoey.framework */ = {isa = PBXFileReference; explicitFileType = wrapper.framework; includeInIndex = 0; path = Pods_Todoey.framework; sourceTree = BUILT_PRODUCTS_DIR; };
		ADDB099822F735AB00590DBE /* Todoey.app */ = {isa = PBXFileReference; explicitFileType = wrapper.application; includeInIndex = 0; path = Todoey.app; sourceTree = BUILT_PRODUCTS_DIR; };
		ADDB099B22F735AB00590DBE /* AppDelegate.swift */ = {isa = PBXFileReference; lastKnownFileType = sourcecode.swift; path = AppDelegate.swift; sourceTree = "<group>"; };
		ADDB099D22F735AB00590DBE /* TodoListViewController.swift */ = {isa = PBXFileReference; lastKnownFileType = sourcecode.swift; path = TodoListViewController.swift; sourceTree = "<group>"; };
		ADDB09A022F735AB00590DBE /* Base */ = {isa = PBXFileReference; lastKnownFileType = file.storyboard; name = Base; path = Base.lproj/Main.storyboard; sourceTree = "<group>"; };
		ADDB09A222F735AC00590DBE /* Assets.xcassets */ = {isa = PBXFileReference; lastKnownFileType = folder.assetcatalog; path = Assets.xcassets; sourceTree = "<group>"; };
		ADDB09A522F735AC00590DBE /* Base */ = {isa = PBXFileReference; lastKnownFileType = file.storyboard; name = Base; path = Base.lproj/LaunchScreen.storyboard; sourceTree = "<group>"; };
		ADDB09A722F735AC00590DBE /* Info.plist */ = {isa = PBXFileReference; lastKnownFileType = text.plist.xml; path = Info.plist; sourceTree = "<group>"; };
		ADEAFB2C22FA53C9005EC88B /* CategoryViewController.swift */ = {isa = PBXFileReference; lastKnownFileType = sourcecode.swift; path = CategoryViewController.swift; sourceTree = "<group>"; };
		ADEAFB3022FDBBC2005EC88B /* Item.swift */ = {isa = PBXFileReference; lastKnownFileType = sourcecode.swift; path = Item.swift; sourceTree = "<group>"; };
		ADEAFB3222FDBBEC005EC88B /* Category.swift */ = {isa = PBXFileReference; lastKnownFileType = sourcecode.swift; path = Category.swift; sourceTree = "<group>"; };
		ADEAFB3422FF8498005EC88B /* SwipeTableViewController.swift */ = {isa = PBXFileReference; lastKnownFileType = sourcecode.swift; path = SwipeTableViewController.swift; sourceTree = "<group>"; };
		E8F7FF71CA58B84955838E54 /* Pods-Todoey.release.xcconfig */ = {isa = PBXFileReference; includeInIndex = 1; lastKnownFileType = text.xcconfig; name = "Pods-Todoey.release.xcconfig"; path = "Target Support Files/Pods-Todoey/Pods-Todoey.release.xcconfig"; sourceTree = "<group>"; };
/* End PBXFileReference section */

/* Begin PBXFrameworksBuildPhase section */
		ADDB099522F735AB00590DBE /* Frameworks */ = {
			isa = PBXFrameworksBuildPhase;
			buildActionMask = 2147483647;
			files = (
				273B49EE85817F2B13B3F9B2 /* Pods_Todoey.framework in Frameworks */,
			);
			runOnlyForDeploymentPostprocessing = 0;
		};
/* End PBXFrameworksBuildPhase section */

/* Begin PBXGroup section */
		2E229B546AB336F4902972DB /* Frameworks */ = {
			isa = PBXGroup;
			children = (
				27E24D4A73CBA754CF524F96 /* Pods_Todoey.framework */,
			);
			name = Frameworks;
			sourceTree = "<group>";
		};
		7873EB8A515A7AC9B466A5F9 /* Pods */ = {
			isa = PBXGroup;
			children = (
				275701F8A76F339E346F0C6E /* Pods-Todoey.debug.xcconfig */,
				E8F7FF71CA58B84955838E54 /* Pods-Todoey.release.xcconfig */,
			);
			path = Pods;
			sourceTree = "<group>";
		};
		AD38616A22F883D100E3CE3E /* Data Model */ = {
			isa = PBXGroup;
			children = (
				ADEAFB3222FDBBEC005EC88B /* Category.swift */,
				ADEAFB3022FDBBC2005EC88B /* Item.swift */,
			);
			path = "Data Model";
			sourceTree = "<group>";
		};
		AD38616B22F883E200E3CE3E /* Contollers */ = {
			isa = PBXGroup;
			children = (
				ADEAFB2C22FA53C9005EC88B /* CategoryViewController.swift */,
				ADDB099D22F735AB00590DBE /* TodoListViewController.swift */,
				ADEAFB3422FF8498005EC88B /* SwipeTableViewController.swift */,
			);
			path = Contollers;
			sourceTree = "<group>";
		};
		AD38616C22F883F700E3CE3E /* View */ = {
			isa = PBXGroup;
			children = (
				ADDB099F22F735AB00590DBE /* Main.storyboard */,
			);
			path = View;
			sourceTree = "<group>";
		};
		AD38616D22F8841600E3CE3E /* Supporting Files */ = {
			isa = PBXGroup;
			children = (
				ADDB09A222F735AC00590DBE /* Assets.xcassets */,
				ADDB09A422F735AC00590DBE /* LaunchScreen.storyboard */,
			);
			path = "Supporting Files";
			sourceTree = "<group>";
		};
		ADDB098F22F735AB00590DBE = {
			isa = PBXGroup;
			children = (
				ADDB099A22F735AB00590DBE /* Todoey */,
				ADDB099922F735AB00590DBE /* Products */,
				7873EB8A515A7AC9B466A5F9 /* Pods */,
				2E229B546AB336F4902972DB /* Frameworks */,
			);
			sourceTree = "<group>";
		};
		ADDB099922F735AB00590DBE /* Products */ = {
			isa = PBXGroup;
			children = (
				ADDB099822F735AB00590DBE /* Todoey.app */,
			);
			name = Products;
			sourceTree = "<group>";
		};
		ADDB099A22F735AB00590DBE /* Todoey */ = {
			isa = PBXGroup;
			children = (
				ADDB099B22F735AB00590DBE /* AppDelegate.swift */,
				AD38616B22F883E200E3CE3E /* Contollers */,
				AD38616A22F883D100E3CE3E /* Data Model */,
				AD38616C22F883F700E3CE3E /* View */,
				AD38616D22F8841600E3CE3E /* Supporting Files */,
				ADDB09A722F735AC00590DBE /* Info.plist */,
			);
			path = Todoey;
			sourceTree = "<group>";
		};
/* End PBXGroup section */

/* Begin PBXNativeTarget section */
		ADDB099722F735AB00590DBE /* Todoey */ = {
			isa = PBXNativeTarget;
			buildConfigurationList = ADDB09AA22F735AC00590DBE /* Build configuration list for PBXNativeTarget "Todoey" */;
			buildPhases = (
				E3603A064EA6F9854048DCF8 /* [CP] Check Pods Manifest.lock */,
				ADDB099422F735AB00590DBE /* Sources */,
				ADDB099522F735AB00590DBE /* Frameworks */,
				ADDB099622F735AB00590DBE /* Resources */,
				6561DE15F805444F03FC9AE1 /* [CP] Embed Pods Frameworks */,
			);
			buildRules = (
			);
			dependencies = (
			);
			name = Todoey;
			productName = Todoey;
			productReference = ADDB099822F735AB00590DBE /* Todoey.app */;
			productType = "com.apple.product-type.application";
		};
/* End PBXNativeTarget section */

/* Begin PBXProject section */
		ADDB099022F735AB00590DBE /* Project object */ = {
			isa = PBXProject;
			attributes = {
				LastSwiftUpdateCheck = 1030;
				LastUpgradeCheck = 1030;
				ORGANIZATIONNAME = "Carter Reed";
				TargetAttributes = {
					ADDB099722F735AB00590DBE = {
						CreatedOnToolsVersion = 10.3;
					};
				};
			};
			buildConfigurationList = ADDB099322F735AB00590DBE /* Build configuration list for PBXProject "Todoey" */;
			compatibilityVersion = "Xcode 9.3";
			developmentRegion = en;
			hasScannedForEncodings = 0;
			knownRegions = (
				en,
				Base,
			);
			mainGroup = ADDB098F22F735AB00590DBE;
			productRefGroup = ADDB099922F735AB00590DBE /* Products */;
			projectDirPath = "";
			projectRoot = "";
			targets = (
				ADDB099722F735AB00590DBE /* Todoey */,
			);
		};
/* End PBXProject section */

/* Begin PBXResourcesBuildPhase section */
		ADDB099622F735AB00590DBE /* Resources */ = {
			isa = PBXResourcesBuildPhase;
			buildActionMask = 2147483647;
			files = (
				ADDB09A622F735AC00590DBE /* LaunchScreen.storyboard in Resources */,
				ADDB09A322F735AC00590DBE /* Assets.xcassets in Resources */,
				ADDB09A122F735AB00590DBE /* Main.storyboard in Resources */,
			);
			runOnlyForDeploymentPostprocessing = 0;
		};
/* End PBXResourcesBuildPhase section */

/* Begin PBXShellScriptBuildPhase section */
		6561DE15F805444F03FC9AE1 /* [CP] Embed Pods Frameworks */ = {
			isa = PBXShellScriptBuildPhase;
			buildActionMask = 2147483647;
			files = (
			);
			inputFileListPaths = (
			);
			inputPaths = (
				"${PODS_ROOT}/Target Support Files/Pods-Todoey/Pods-Todoey-frameworks.sh",
				"${BUILT_PRODUCTS_DIR}/Realm/Realm.framework",
				"${BUILT_PRODUCTS_DIR}/RealmSwift/RealmSwift.framework",
				"${BUILT_PRODUCTS_DIR}/SwipeCellKit/SwipeCellKit.framework",
			);
			name = "[CP] Embed Pods Frameworks";
			outputFileListPaths = (
			);
			outputPaths = (
				"${TARGET_BUILD_DIR}/${FRAMEWORKS_FOLDER_PATH}/Realm.framework",
				"${TARGET_BUILD_DIR}/${FRAMEWORKS_FOLDER_PATH}/RealmSwift.framework",
				"${TARGET_BUILD_DIR}/${FRAMEWORKS_FOLDER_PATH}/SwipeCellKit.framework",
			);
			runOnlyForDeploymentPostprocessing = 0;
			shellPath = /bin/sh;
			shellScript = "\"${PODS_ROOT}/Target Support Files/Pods-Todoey/Pods-Todoey-frameworks.sh\"\n";
			showEnvVarsInLog = 0;
		};
		E3603A064EA6F9854048DCF8 /* [CP] Check Pods Manifest.lock */ = {
			isa = PBXShellScriptBuildPhase;
			buildActionMask = 2147483647;
			files = (
			);
			inputFileListPaths = (
			);
			inputPaths = (
				"${PODS_PODFILE_DIR_PATH}/Podfile.lock",
				"${PODS_ROOT}/Manifest.lock",
			);
			name = "[CP] Check Pods Manifest.lock";
			outputFileListPaths = (
			);
			outputPaths = (
				"$(DERIVED_FILE_DIR)/Pods-Todoey-checkManifestLockResult.txt",
			);
			runOnlyForDeploymentPostprocessing = 0;
			shellPath = /bin/sh;
			shellScript = "diff \"${PODS_PODFILE_DIR_PATH}/Podfile.lock\" \"${PODS_ROOT}/Manifest.lock\" > /dev/null\nif [ $? != 0 ] ; then\n    # print error to STDERR\n    echo \"error: The sandbox is not in sync with the Podfile.lock. Run 'pod install' or update your CocoaPods installation.\" >&2\n    exit 1\nfi\n# This output is used by Xcode 'outputs' to avoid re-running this script phase.\necho \"SUCCESS\" > \"${SCRIPT_OUTPUT_FILE_0}\"\n";
			showEnvVarsInLog = 0;
		};
/* End PBXShellScriptBuildPhase section */

/* Begin PBXSourcesBuildPhase section */
		ADDB099422F735AB00590DBE /* Sources */ = {
			isa = PBXSourcesBuildPhase;
			buildActionMask = 2147483647;
			files = (
				ADEAFB3122FDBBC2005EC88B /* Item.swift in Sources */,
				ADEAFB2D22FA53C9005EC88B /* CategoryViewController.swift in Sources */,
				ADDB099E22F735AB00590DBE /* TodoListViewController.swift in Sources */,
				ADDB099C22F735AB00590DBE /* AppDelegate.swift in Sources */,
				ADEAFB3522FF8498005EC88B /* SwipeTableViewController.swift in Sources */,
				ADEAFB3322FDBBEC005EC88B /* Category.swift in Sources */,
			);
			runOnlyForDeploymentPostprocessing = 0;
		};
/* End PBXSourcesBuildPhase section */

/* Begin PBXVariantGroup section */
		ADDB099F22F735AB00590DBE /* Main.storyboard */ = {
			isa = PBXVariantGroup;
			children = (
				ADDB09A022F735AB00590DBE /* Base */,
			);
			name = Main.storyboard;
			sourceTree = "<group>";
		};
		ADDB09A422F735AC00590DBE /* LaunchScreen.storyboard */ = {
			isa = PBXVariantGroup;
			children = (
				ADDB09A522F735AC00590DBE /* Base */,
			);
			name = LaunchScreen.storyboard;
			sourceTree = "<group>";
		};
/* End PBXVariantGroup section */

/* Begin XCBuildConfiguration section */
		ADDB09A822F735AC00590DBE /* Debug */ = {
			isa = XCBuildConfiguration;
			buildSettings = {
				ALWAYS_SEARCH_USER_PATHS = NO;
				CLANG_ANALYZER_NONNULL = YES;
				CLANG_ANALYZER_NUMBER_OBJECT_CONVERSION = YES_AGGRESSIVE;
				CLANG_CXX_LANGUAGE_STANDARD = "gnu++14";
				CLANG_CXX_LIBRARY = "libc++";
				CLANG_ENABLE_MODULES = YES;
				CLANG_ENABLE_OBJC_ARC = YES;
				CLANG_ENABLE_OBJC_WEAK = YES;
				CLANG_WARN_BLOCK_CAPTURE_AUTORELEASING = YES;
				CLANG_WARN_BOOL_CONVERSION = YES;
				CLANG_WARN_COMMA = YES;
				CLANG_WARN_CONSTANT_CONVERSION = YES;
				CLANG_WARN_DEPRECATED_OBJC_IMPLEMENTATIONS = YES;
				CLANG_WARN_DIRECT_OBJC_ISA_USAGE = YES_ERROR;
				CLANG_WARN_DOCUMENTATION_COMMENTS = YES;
				CLANG_WARN_EMPTY_BODY = YES;
				CLANG_WARN_ENUM_CONVERSION = YES;
				CLANG_WARN_INFINITE_RECURSION = YES;
				CLANG_WARN_INT_CONVERSION = YES;
				CLANG_WARN_NON_LITERAL_NULL_CONVERSION = YES;
				CLANG_WARN_OBJC_IMPLICIT_RETAIN_SELF = YES;
				CLANG_WARN_OBJC_LITERAL_CONVERSION = YES;
				CLANG_WARN_OBJC_ROOT_CLASS = YES_ERROR;
				CLANG_WARN_RANGE_LOOP_ANALYSIS = YES;
				CLANG_WARN_STRICT_PROTOTYPES = YES;
				CLANG_WARN_SUSPICIOUS_MOVE = YES;
				CLANG_WARN_UNGUARDED_AVAILABILITY = YES_AGGRESSIVE;
				CLANG_WARN_UNREACHABLE_CODE = YES;
				CLANG_WARN__DUPLICATE_METHOD_MATCH = YES;
				CODE_SIGN_IDENTITY = "iPhone Developer";
				COPY_PHASE_STRIP = NO;
				DEBUG_INFORMATION_FORMAT = dwarf;
				ENABLE_STRICT_OBJC_MSGSEND = YES;
				ENABLE_TESTABILITY = YES;
				GCC_C_LANGUAGE_STANDARD = gnu11;
				GCC_DYNAMIC_NO_PIC = NO;
				GCC_NO_COMMON_BLOCKS = YES;
				GCC_OPTIMIZATION_LEVEL = 0;
				GCC_PREPROCESSOR_DEFINITIONS = (
					"DEBUG=1",
					"$(inherited)",
				);
				GCC_WARN_64_TO_32_BIT_CONVERSION = YES;
				GCC_WARN_ABOUT_RETURN_TYPE = YES_ERROR;
				GCC_WARN_UNDECLARED_SELECTOR = YES;
				GCC_WARN_UNINITIALIZED_AUTOS = YES_AGGRESSIVE;
				GCC_WARN_UNUSED_FUNCTION = YES;
				GCC_WARN_UNUSED_VARIABLE = YES;
				IPHONEOS_DEPLOYMENT_TARGET = 12.4;
				MTL_ENABLE_DEBUG_INFO = INCLUDE_SOURCE;
				MTL_FAST_MATH = YES;
				ONLY_ACTIVE_ARCH = YES;
				SDKROOT = iphoneos;
				SWIFT_ACTIVE_COMPILATION_CONDITIONS = DEBUG;
				SWIFT_OPTIMIZATION_LEVEL = "-Onone";
			};
			name = Debug;
		};
		ADDB09A922F735AC00590DBE /* Release */ = {
			isa = XCBuildConfiguration;
			buildSettings = {
				ALWAYS_SEARCH_USER_PATHS = NO;
				CLANG_ANALYZER_NONNULL = YES;
				CLANG_ANALYZER_NUMBER_OBJECT_CONVERSION = YES_AGGRESSIVE;
				CLANG_CXX_LANGUAGE_STANDARD = "gnu++14";
				CLANG_CXX_LIBRARY = "libc++";
				CLANG_ENABLE_MODULES = YES;
				CLANG_ENABLE_OBJC_ARC = YES;
				CLANG_ENABLE_OBJC_WEAK = YES;
				CLANG_WARN_BLOCK_CAPTURE_AUTORELEASING = YES;
				CLANG_WARN_BOOL_CONVERSION = YES;
				CLANG_WARN_COMMA = YES;
				CLANG_WARN_CONSTANT_CONVERSION = YES;
				CLANG_WARN_DEPRECATED_OBJC_IMPLEMENTATIONS = YES;
				CLANG_WARN_DIRECT_OBJC_ISA_USAGE = YES_ERROR;
				CLANG_WARN_DOCUMENTATION_COMMENTS = YES;
				CLANG_WARN_EMPTY_BODY = YES;
				CLANG_WARN_ENUM_CONVERSION = YES;
				CLANG_WARN_INFINITE_RECURSION = YES;
				CLANG_WARN_INT_CONVERSION = YES;
				CLANG_WARN_NON_LITERAL_NULL_CONVERSION = YES;
				CLANG_WARN_OBJC_IMPLICIT_RETAIN_SELF = YES;
				CLANG_WARN_OBJC_LITERAL_CONVERSION = YES;
				CLANG_WARN_OBJC_ROOT_CLASS = YES_ERROR;
				CLANG_WARN_RANGE_LOOP_ANALYSIS = YES;
				CLANG_WARN_STRICT_PROTOTYPES = YES;
				CLANG_WARN_SUSPICIOUS_MOVE = YES;
				CLANG_WARN_UNGUARDED_AVAILABILITY = YES_AGGRESSIVE;
				CLANG_WARN_UNREACHABLE_CODE = YES;
				CLANG_WARN__DUPLICATE_METHOD_MATCH = YES;
				CODE_SIGN_IDENTITY = "iPhone Developer";
				COPY_PHASE_STRIP = NO;
				DEBUG_INFORMATION_FORMAT = "dwarf-with-dsym";
				ENABLE_NS_ASSERTIONS = NO;
				ENABLE_STRICT_OBJC_MSGSEND = YES;
				GCC_C_LANGUAGE_STANDARD = gnu11;
				GCC_NO_COMMON_BLOCKS = YES;
				GCC_WARN_64_TO_32_BIT_CONVERSION = YES;
				GCC_WARN_ABOUT_RETURN_TYPE = YES_ERROR;
				GCC_WARN_UNDECLARED_SELECTOR = YES;
				GCC_WARN_UNINITIALIZED_AUTOS = YES_AGGRESSIVE;
				GCC_WARN_UNUSED_FUNCTION = YES;
				GCC_WARN_UNUSED_VARIABLE = YES;
				IPHONEOS_DEPLOYMENT_TARGET = 12.4;
				MTL_ENABLE_DEBUG_INFO = NO;
				MTL_FAST_MATH = YES;
				SDKROOT = iphoneos;
				SWIFT_COMPILATION_MODE = wholemodule;
				SWIFT_OPTIMIZATION_LEVEL = "-O";
				VALIDATE_PRODUCT = YES;
			};
			name = Release;
		};
		ADDB09AB22F735AC00590DBE /* Debug */ = {
			isa = XCBuildConfiguration;
			baseConfigurationReference = 275701F8A76F339E346F0C6E /* Pods-Todoey.debug.xcconfig */;
			buildSettings = {
				ASSETCATALOG_COMPILER_APPICON_NAME = AppIcon;
				CODE_SIGN_STYLE = Automatic;
				DEVELOPMENT_TEAM = 9TJ2WN5HXD;
				INFOPLIST_FILE = Todoey/Info.plist;
				IPHONEOS_DEPLOYMENT_TARGET = 12.4;
				LD_RUNPATH_SEARCH_PATHS = (
					"$(inherited)",
					"@executable_path/Frameworks",
				);
				PRODUCT_BUNDLE_IDENTIFIER = creedFam.Todoey;
				PRODUCT_NAME = "$(TARGET_NAME)";
				SWIFT_VERSION = 5.0;
				TARGETED_DEVICE_FAMILY = "1,2";
			};
			name = Debug;
		};
		ADDB09AC22F735AC00590DBE /* Release */ = {
			isa = XCBuildConfiguration;
			baseConfigurationReference = E8F7FF71CA58B84955838E54 /* Pods-Todoey.release.xcconfig */;
			buildSettings = {
				ASSETCATALOG_COMPILER_APPICON_NAME = AppIcon;
				CODE_SIGN_STYLE = Automatic;
				DEVELOPMENT_TEAM = 9TJ2WN5HXD;
				INFOPLIST_FILE = Todoey/Info.plist;
				IPHONEOS_DEPLOYMENT_TARGET = 12.4;
				LD_RUNPATH_SEARCH_PATHS = (
					"$(inherited)",
					"@executable_path/Frameworks",
				);
				PRODUCT_BUNDLE_IDENTIFIER = creedFam.Todoey;
				PRODUCT_NAME = "$(TARGET_NAME)";
				SWIFT_VERSION = 5.0;
				TARGETED_DEVICE_FAMILY = "1,2";
			};
			name = Release;
		};
/* End XCBuildConfiguration section */

/* Begin XCConfigurationList section */
		ADDB099322F735AB00590DBE /* Build configuration list for PBXProject "Todoey" */ = {
			isa = XCConfigurationList;
			buildConfigurations = (
				ADDB09A822F735AC00590DBE /* Debug */,
				ADDB09A922F735AC00590DBE /* Release */,
			);
			defaultConfigurationIsVisible = 0;
			defaultConfigurationName = Release;
		};
		ADDB09AA22F735AC00590DBE /* Build configuration list for PBXNativeTarget "Todoey" */ = {
			isa = XCConfigurationList;
			buildConfigurations = (
				ADDB09AB22F735AC00590DBE /* Debug */,
				ADDB09AC22F735AC00590DBE /* Release */,
			);
			defaultConfigurationIsVisible = 0;
			defaultConfigurationName = Release;
		};
/* End XCConfigurationList section */
	};
	rootObject = ADDB099022F735AB00590DBE /* Project object */;
}
